
Microsoft Visual Studio Solution File, Format Version 12.00
# Visual Studio Version 16
VisualStudioVersion = 16.6.30114.105
MinimumVisualStudioVersion = 10.0.40219.1
Project("{FAE04EC0-301F-11D3-BF4B-00C04F79EFBC}") = "CepValidate.Domain", "CepValidate.Domain\CepValidate.Domain.csproj", "{7843577D-887B-491C-B5AC-0C932E86CB23}"
EndProject
Project("{FAE04EC0-301F-11D3-BF4B-00C04F79EFBC}") = "CepValidate.Domain.Infra", "CepValidate.Domain.Infra\CepValidate.Domain.Infra.csproj", "{0A91857A-CDFA-4221-8371-33CD212C167E}"
EndProject
Project("{FAE04EC0-301F-11D3-BF4B-00C04F79EFBC}") = "CepValidate.Domain.Test", "CepValidate.Domain.Test\CepValidate.Domain.Test.csproj", "{BDA616FC-C5A3-4687-914F-E84E9D328C4C}"
EndProject
Project("{FAE04EC0-301F-11D3-BF4B-00C04F79EFBC}") = "CepValidate.Domain.API", "CepValidate.Domain.API\CepValidate.Domain.API.csproj", "{D0EF3F87-A06C-422A-A95C-503F30939F43}"
EndProject
Global
	GlobalSection(SolutionConfigurationPlatforms) = preSolution
		Debug|Any CPU = Debug|Any CPU
		Debug|x64 = Debug|x64
		Debug|x86 = Debug|x86
		Release|Any CPU = Release|Any CPU
		Release|x64 = Release|x64
		Release|x86 = Release|x86
	EndGlobalSection
	GlobalSection(SolutionProperties) = preSolution
		HideSolutionNode = FALSE
	EndGlobalSection
	GlobalSection(ProjectConfigurationPlatforms) = postSolution
		{7843577D-887B-491C-B5AC-0C932E86CB23}.Debug|Any CPU.ActiveCfg = Debug|Any CPU
		{7843577D-887B-491C-B5AC-0C932E86CB23}.Debug|Any CPU.Build.0 = Debug|Any CPU
		{7843577D-887B-491C-B5AC-0C932E86CB23}.Debug|x64.ActiveCfg = Debug|Any CPU
		{7843577D-887B-491C-B5AC-0C932E86CB23}.Debug|x64.Build.0 = Debug|Any CPU
		{7843577D-887B-491C-B5AC-0C932E86CB23}.Debug|x86.ActiveCfg = Debug|Any CPU
		{7843577D-887B-491C-B5AC-0C932E86CB23}.Debug|x86.Build.0 = Debug|Any CPU
		{7843577D-887B-491C-B5AC-0C932E86CB23}.Release|Any CPU.ActiveCfg = Release|Any CPU
		{7843577D-887B-491C-B5AC-0C932E86CB23}.Release|Any CPU.Build.0 = Release|Any CPU
		{7843577D-887B-491C-B5AC-0C932E86CB23}.Release|x64.ActiveCfg = Release|Any CPU
		{7843577D-887B-491C-B5AC-0C932E86CB23}.Release|x64.Build.0 = Release|Any CPU
		{7843577D-887B-491C-B5AC-0C932E86CB23}.Release|x86.ActiveCfg = Release|Any CPU
		{7843577D-887B-491C-B5AC-0C932E86CB23}.Release|x86.Build.0 = Release|Any CPU
		{0A91857A-CDFA-4221-8371-33CD212C167E}.Debug|Any CPU.ActiveCfg = Debug|Any CPU
		{0A91857A-CDFA-4221-8371-33CD212C167E}.Debug|Any CPU.Build.0 = Debug|Any CPU
		{0A91857A-CDFA-4221-8371-33CD212C167E}.Debug|x64.ActiveCfg = Debug|Any CPU
		{0A91857A-CDFA-4221-8371-33CD212C167E}.Debug|x64.Build.0 = Debug|Any CPU
		{0A91857A-CDFA-4221-8371-33CD212C167E}.Debug|x86.ActiveCfg = Debug|Any CPU
		{0A91857A-CDFA-4221-8371-33CD212C167E}.Debug|x86.Build.0 = Debug|Any CPU
		{0A91857A-CDFA-4221-8371-33CD212C167E}.Release|Any CPU.ActiveCfg = Release|Any CPU
		{0A91857A-CDFA-4221-8371-33CD212C167E}.Release|Any CPU.Build.0 = Release|Any CPU
		{0A91857A-CDFA-4221-8371-33CD212C167E}.Release|x64.ActiveCfg = Release|Any CPU
		{0A91857A-CDFA-4221-8371-33CD212C167E}.Release|x64.Build.0 = Release|Any CPU
		{0A91857A-CDFA-4221-8371-33CD212C167E}.Release|x86.ActiveCfg = Release|Any CPU
		{0A91857A-CDFA-4221-8371-33CD212C167E}.Release|x86.Build.0 = Release|Any CPU
		{BDA616FC-C5A3-4687-914F-E84E9D328C4C}.Debug|Any CPU.ActiveCfg = Debug|Any CPU
		{BDA616FC-C5A3-4687-914F-E84E9D328C4C}.Debug|Any CPU.Build.0 = Debug|Any CPU
		{BDA616FC-C5A3-4687-914F-E84E9D328C4C}.Debug|x64.ActiveCfg = Debug|Any CPU
		{BDA616FC-C5A3-4687-914F-E84E9D328C4C}.Debug|x64.Build.0 = Debug|Any CPU
		{BDA616FC-C5A3-4687-914F-E84E9D328C4C}.Debug|x86.ActiveCfg = Debug|Any CPU
		{BDA616FC-C5A3-4687-914F-E84E9D328C4C}.Debug|x86.Build.0 = Debug|Any CPU
		{BDA616FC-C5A3-4687-914F-E84E9D328C4C}.Release|Any CPU.ActiveCfg = Release|Any CPU
		{BDA616FC-C5A3-4687-914F-E84E9D328C4C}.Release|Any CPU.Build.0 = Release|Any CPU
		{BDA616FC-C5A3-4687-914F-E84E9D328C4C}.Release|x64.ActiveCfg = Release|Any CPU
		{BDA616FC-C5A3-4687-914F-E84E9D328C4C}.Release|x64.Build.0 = Release|Any CPU
		{BDA616FC-C5A3-4687-914F-E84E9D328C4C}.Release|x86.ActiveCfg = Release|Any CPU
		{BDA616FC-C5A3-4687-914F-E84E9D328C4C}.Release|x86.Build.0 = Release|Any CPU
		{D0EF3F87-A06C-422A-A95C-503F30939F43}.Debug|Any CPU.ActiveCfg = Debug|Any CPU
		{D0EF3F87-A06C-422A-A95C-503F30939F43}.Debug|Any CPU.Build.0 = Debug|Any CPU
		{D0EF3F87-A06C-422A-A95C-503F30939F43}.Debug|x64.ActiveCfg = Debug|Any CPU
		{D0EF3F87-A06C-422A-A95C-503F30939F43}.Debug|x64.Build.0 = Debug|Any CPU
		{D0EF3F87-A06C-422A-A95C-503F30939F43}.Debug|x86.ActiveCfg = Debug|Any CPU
		{D0EF3F87-A06C-422A-A95C-503F30939F43}.Debug|x86.Build.0 = Debug|Any CPU
		{D0EF3F87-A06C-422A-A95C-503F30939F43}.Release|Any CPU.ActiveCfg = Release|Any CPU
		{D0EF3F87-A06C-422A-A95C-503F30939F43}.Release|Any CPU.Build.0 = Release|Any CPU
		{D0EF3F87-A06C-422A-A95C-503F30939F43}.Release|x64.ActiveCfg = Release|Any CPU
		{D0EF3F87-A06C-422A-A95C-503F30939F43}.Release|x64.Build.0 = Release|Any CPU
		{D0EF3F87-A06C-422A-A95C-503F30939F43}.Release|x86.ActiveCfg = Release|Any CPU
		{D0EF3F87-A06C-422A-A95C-503F30939F43}.Release|x86.Build.0 = Release|Any CPU
	EndGlobalSection
EndGlobal
